
Microsoft Visual Studio Solution File, Format Version 12.00
# Visual Studio Version 17
VisualStudioVersion = 17.0.31903.59
MinimumVisualStudioVersion = 10.0.40219.1
Project("{FAE04EC0-301F-11D3-BF4B-00C04F79EFBC}") = "KittyPdf.Core", "KittyPdf.Core\KittyPdf.Core.csproj", "{7D375B55-867D-42E0-BF0D-90925763F316}"
EndProject
Project("{FAE04EC0-301F-11D3-BF4B-00C04F79EFBC}") = "KittyPdf.Smoke", "KittyPdf.Smoke\KittyPdf.Smoke.csproj", "{7110E365-BE5F-45C5-9EEC-0D9C7835A63E}"
EndProject
Project("{FAE04EC0-301F-11D3-BF4B-00C04F79EFBC}") = "KittyPdf.App", "KittyPdf.App\KittyPdf.App.csproj", "{B38BC3D1-69F0-4441-81A8-8266EC9AFFEC}"
EndProject
Global
	GlobalSection(SolutionConfigurationPlatforms) = preSolution
		Debug|Any CPU = Debug|Any CPU
		Release|Any CPU = Release|Any CPU
	EndGlobalSection
	GlobalSection(SolutionProperties) = preSolution
		HideSolutionNode = FALSE
	EndGlobalSection
	GlobalSection(ProjectConfigurationPlatforms) = postSolution
		{7D375B55-867D-42E0-BF0D-90925763F316}.Debug|Any CPU.ActiveCfg = Debug|Any CPU
		{7D375B55-867D-42E0-BF0D-90925763F316}.Debug|Any CPU.Build.0 = Debug|Any CPU
		{7D375B55-867D-42E0-BF0D-90925763F316}.Release|Any CPU.ActiveCfg = Release|Any CPU
		{7D375B55-867D-42E0-BF0D-90925763F316}.Release|Any CPU.Build.0 = Release|Any CPU
		{7110E365-BE5F-45C5-9EEC-0D9C7835A63E}.Debug|Any CPU.ActiveCfg = Debug|Any CPU
		{7110E365-BE5F-45C5-9EEC-0D9C7835A63E}.Debug|Any CPU.Build.0 = Debug|Any CPU
		{7110E365-BE5F-45C5-9EEC-0D9C7835A63E}.Release|Any CPU.ActiveCfg = Release|Any CPU
		{7110E365-BE5F-45C5-9EEC-0D9C7835A63E}.Release|Any CPU.Build.0 = Release|Any CPU
		{B38BC3D1-69F0-4441-81A8-8266EC9AFFEC}.Debug|Any CPU.ActiveCfg = Debug|Any CPU
		{B38BC3D1-69F0-4441-81A8-8266EC9AFFEC}.Debug|Any CPU.Build.0 = Debug|Any CPU
		{B38BC3D1-69F0-4441-81A8-8266EC9AFFEC}.Release|Any CPU.ActiveCfg = Release|Any CPU
		{B38BC3D1-69F0-4441-81A8-8266EC9AFFEC}.Release|Any CPU.Build.0 = Release|Any CPU
	EndGlobalSection
EndGlobal
